
Microsoft Visual Studio Solution File, Format Version 12.00
# Visual Studio Version 17
VisualStudioVersion = 17.6.33801.468
MinimumVisualStudioVersion = 10.0.40219.1
Project("{FAE04EC0-301F-11D3-BF4B-00C04F79EFBC}") = "AppplicationTask", "AppplicationTask\AppplicationTask.csproj", "{713D6209-F8EF-4FB7-B7A1-78EE855EC366}"
EndProject
Global
	GlobalSection(SolutionConfigurationPlatforms) = preSolution
		Debug|Any CPU = Debug|Any CPU
		Release|Any CPU = Release|Any CPU
	EndGlobalSection
	GlobalSection(ProjectConfigurationPlatforms) = postSolution
		{713D6209-F8EF-4FB7-B7A1-78EE855EC366}.Debug|Any CPU.ActiveCfg = Debug|Any CPU
		{713D6209-F8EF-4FB7-B7A1-78EE855EC366}.Debug|Any CPU.Build.0 = Debug|Any CPU
		{713D6209-F8EF-4FB7-B7A1-78EE855EC366}.Release|Any CPU.ActiveCfg = Release|Any CPU
		{713D6209-F8EF-4FB7-B7A1-78EE855EC366}.Release|Any CPU.Build.0 = Release|Any CPU
	EndGlobalSection
	GlobalSection(SolutionProperties) = preSolution
		HideSolutionNode = FALSE
	EndGlobalSection
	GlobalSection(ExtensibilityGlobals) = postSolution
		SolutionGuid = {8A051FA1-FA77-48AD-9E53-7E3585DAED1B}
	EndGlobalSection
EndGlobal
